# This file is automatically @generated by Cargo.
# It is not intended for manual editing.
version = 4

[[package]]
name = "bitflags"
version = "2.13.2"
source = "registry+https://github.com/rust-lang/crates.io-index"
checksum = "3ded4057c258ba199e2d26386d3af3780957ecaee6c4ef4041c6b4b8b97c0b06"

[[package]]
name = "kernel"
version = "0.1.0"
dependencies = [
 "sbi-rt",
]

[[package]]
name = "sbi-rt"
version = "0.0.4"
source = "registry+https://github.com/rust-lang/crates.io-index"
checksum = "48f7bf85822c8b453d7e3fca7de39684032f5c06c1ed338ad8d47f4a79c1d49a"
dependencies = [
 "sbi-spec",
]

[[package]]
name = "sbi-spec"
version = "0.0.9"
source = "registry+https://github.com/rust-lang/crates.io-index"
checksum = "785b91fcc41c7426fc07510be49ed1db44f002b45d45c175ec7f155c3cd447a9"
dependencies = [
 "bitflags",
]
